
Microsoft Visual Studio Solution File, Format Version 12.00
# Visual Studio Version 17
VisualStudioVersion = 17.4.33213.308
MinimumVisualStudioVersion = 10.0.40219.1
Project("{2150E333-8FDC-42A3-9474-1A3956D46DE8}") = "Data", "Data", "{5C63FDF4-5F9C-4F77-88AD-30135B76156F}"
EndProject
Project("{2150E333-8FDC-42A3-9474-1A3956D46DE8}") = "Service", "Service", "{84415E81-2FE5-4FDD-9A34-7B44C0C559E7}"
EndProject
Project("{2150E333-8FDC-42A3-9474-1A3956D46DE8}") = "Shared", "Shared", "{D2E1DC1C-E96B-4C25-958C-0D5106B4D0D7}"
EndProject
Project("{2150E333-8FDC-42A3-9474-1A3956D46DE8}") = "System", "System", "{593C4132-335F-4E6C-9228-65CE8E570326}"
EndProject
Project("{2150E333-8FDC-42A3-9474-1A3956D46DE8}") = "Api", "Api", "{915BB158-8311-4869-A2BA-7B515C29307A}"
EndProject
Project("{9A19103F-16F7-4668-BE54-9A1E7A4F7556}") = "WebApi", "System\Api\WebApi\WebApi.csproj", "{52CE7383-F4DE-4592-8B59-65EAC459323A}"
EndProject
Project("{9A19103F-16F7-4668-BE54-9A1E7A4F7556}") = "Context", "Data\Context\Context.csproj", "{1049A99E-DED9-4006-BB98-939D64B6FCCE}"
EndProject
Project("{9A19103F-16F7-4668-BE54-9A1E7A4F7556}") = "Categories", "Service\Categories\Categories.csproj", "{9E79DA9A-EB8D-4E86-9178-C80DBBAC1BDA}"
EndProject
Project("{9A19103F-16F7-4668-BE54-9A1E7A4F7556}") = "Quotations", "Service\Quotations\Quotations.csproj", "{BED1D9D8-11C4-4A50-BC55-BD1016F8D083}"
EndProject
Project("{9A19103F-16F7-4668-BE54-9A1E7A4F7556}") = "Comments", "Service\Comments\Comments.csproj", "{2FA53C8A-F59A-4B1A-8DB2-E1A65F9D80C1}"
EndProject
Project("{9A19103F-16F7-4668-BE54-9A1E7A4F7556}") = "Subscriptions", "Service\Subscriptions\Subscriptions.csproj", "{F5BB15A8-3BCC-4AAC-A880-0F7420F940BF}"
EndProject
Project("{9A19103F-16F7-4668-BE54-9A1E7A4F7556}") = "Users", "Service\Users\Users.csproj", "{65AF679F-1A4E-452E-AEC4-B4308CF01390}"
EndProject
Project("{9A19103F-16F7-4668-BE54-9A1E7A4F7556}") = "Common", "Shared\Common\Common.csproj", "{9BFCF4FB-18F4-4769-A113-4705BBF09592}"
EndProject
Project("{9A19103F-16F7-4668-BE54-9A1E7A4F7556}") = "CategoriesQuotations", "Service\CategoriesQuotations\CategoriesQuotations.csproj", "{4AFF3C90-6FEE-47B0-8A65-163EA2D50399}"
EndProject
Project("{9A19103F-16F7-4668-BE54-9A1E7A4F7556}") = "CategoriesUsers", "Service\CategoriesUsers\CategoriesUsers.csproj", "{1C521A9C-21BF-48FE-8D17-F685D9BF7F3A}"
EndProject
Project("{2150E333-8FDC-42A3-9474-1A3956D46DE8}") = "EmailSender", "EmailSender", "{7566147A-B19C-43BA-96CD-CB6FAF082705}"
EndProject
Project("{9A19103F-16F7-4668-BE54-9A1E7A4F7556}") = "EmailSender", "System\EmailSender\EmailSender\EmailSender.csproj", "{5CBFE667-7A46-4F42-86D6-CFA98A697481}"
EndProject
Project("{9A19103F-16F7-4668-BE54-9A1E7A4F7556}") = "Mails", "Service\Mails\Mails.csproj", "{BCA11C14-FEFA-48C3-B051-63144B058E6F}"
EndProject
Project("{9A19103F-16F7-4668-BE54-9A1E7A4F7556}") = "Actions", "Service\Actions\Actions.csproj", "{CC64CEBB-633D-4C02-8444-51D23506A544}"
EndProject
Project("{9A19103F-16F7-4668-BE54-9A1E7A4F7556}") = "RabbitMQ", "Service\RabbitMQ\RabbitMQ.csproj", "{5BBF901F-2BBD-468D-9B20-52D1A1A91FAA}"
EndProject
Project("{2150E333-8FDC-42A3-9474-1A3956D46DE8}") = "Workers", "Workers", "{DE24D281-1CE8-4774-9510-E13A430E9258}"
EndProject
Project("{9A19103F-16F7-4668-BE54-9A1E7A4F7556}") = "RabbitMQ", "System\Workers\RabbitMQ\RabbitMQ.csproj", "{0E9F8AFA-3159-47B6-85B6-8E8C4718435C}"
EndProject
Project("{E53339B2-1760-4266-BCC7-CA923CBCF16C}") = "docker-compose", "docker-compose.dcproj", "{3F7A7AC1-5537-42D4-88AA-4AEF9758BF75}"
EndProject
Global
	GlobalSection(SolutionConfigurationPlatforms) = preSolution
		Debug|Any CPU = Debug|Any CPU
		Release|Any CPU = Release|Any CPU
	EndGlobalSection
	GlobalSection(ProjectConfigurationPlatforms) = postSolution
		{52CE7383-F4DE-4592-8B59-65EAC459323A}.Debug|Any CPU.ActiveCfg = Debug|Any CPU
		{52CE7383-F4DE-4592-8B59-65EAC459323A}.Debug|Any CPU.Build.0 = Debug|Any CPU
		{52CE7383-F4DE-4592-8B59-65EAC459323A}.Release|Any CPU.ActiveCfg = Release|Any CPU
		{52CE7383-F4DE-4592-8B59-65EAC459323A}.Release|Any CPU.Build.0 = Release|Any CPU
		{1049A99E-DED9-4006-BB98-939D64B6FCCE}.Debug|Any CPU.ActiveCfg = Debug|Any CPU
		{1049A99E-DED9-4006-BB98-939D64B6FCCE}.Debug|Any CPU.Build.0 = Debug|Any CPU
		{1049A99E-DED9-4006-BB98-939D64B6FCCE}.Release|Any CPU.ActiveCfg = Release|Any CPU
		{1049A99E-DED9-4006-BB98-939D64B6FCCE}.Release|Any CPU.Build.0 = Release|Any CPU
		{9E79DA9A-EB8D-4E86-9178-C80DBBAC1BDA}.Debug|Any CPU.ActiveCfg = Debug|Any CPU
		{9E79DA9A-EB8D-4E86-9178-C80DBBAC1BDA}.Debug|Any CPU.Build.0 = Debug|Any CPU
		{9E79DA9A-EB8D-4E86-9178-C80DBBAC1BDA}.Release|Any CPU.ActiveCfg = Release|Any CPU
		{9E79DA9A-EB8D-4E86-9178-C80DBBAC1BDA}.Release|Any CPU.Build.0 = Release|Any CPU
		{BED1D9D8-11C4-4A50-BC55-BD1016F8D083}.Debug|Any CPU.ActiveCfg = Debug|Any CPU
		{BED1D9D8-11C4-4A50-BC55-BD1016F8D083}.Debug|Any CPU.Build.0 = Debug|Any CPU
		{BED1D9D8-11C4-4A50-BC55-BD1016F8D083}.Release|Any CPU.ActiveCfg = Release|Any CPU
		{BED1D9D8-11C4-4A50-BC55-BD1016F8D083}.Release|Any CPU.Build.0 = Release|Any CPU
		{2FA53C8A-F59A-4B1A-8DB2-E1A65F9D80C1}.Debug|Any CPU.ActiveCfg = Debug|Any CPU
		{2FA53C8A-F59A-4B1A-8DB2-E1A65F9D80C1}.Debug|Any CPU.Build.0 = Debug|Any CPU
		{2FA53C8A-F59A-4B1A-8DB2-E1A65F9D80C1}.Release|Any CPU.ActiveCfg = Release|Any CPU
		{2FA53C8A-F59A-4B1A-8DB2-E1A65F9D80C1}.Release|Any CPU.Build.0 = Release|Any CPU
		{F5BB15A8-3BCC-4AAC-A880-0F7420F940BF}.Debug|Any CPU.ActiveCfg = Debug|Any CPU
		{F5BB15A8-3BCC-4AAC-A880-0F7420F940BF}.Debug|Any CPU.Build.0 = Debug|Any CPU
		{F5BB15A8-3BCC-4AAC-A880-0F7420F940BF}.Release|Any CPU.ActiveCfg = Release|Any CPU
		{F5BB15A8-3BCC-4AAC-A880-0F7420F940BF}.Release|Any CPU.Build.0 = Release|Any CPU
		{65AF679F-1A4E-452E-AEC4-B4308CF01390}.Debug|Any CPU.ActiveCfg = Debug|Any CPU
		{65AF679F-1A4E-452E-AEC4-B4308CF01390}.Debug|Any CPU.Build.0 = Debug|Any CPU
		{65AF679F-1A4E-452E-AEC4-B4308CF01390}.Release|Any CPU.ActiveCfg = Release|Any CPU
		{65AF679F-1A4E-452E-AEC4-B4308CF01390}.Release|Any CPU.Build.0 = Release|Any CPU
		{9BFCF4FB-18F4-4769-A113-4705BBF09592}.Debug|Any CPU.ActiveCfg = Debug|Any CPU
		{9BFCF4FB-18F4-4769-A113-4705BBF09592}.Debug|Any CPU.Build.0 = Debug|Any CPU
		{9BFCF4FB-18F4-4769-A113-4705BBF09592}.Release|Any CPU.ActiveCfg = Release|Any CPU
		{9BFCF4FB-18F4-4769-A113-4705BBF09592}.Release|Any CPU.Build.0 = Release|Any CPU
		{4AFF3C90-6FEE-47B0-8A65-163EA2D50399}.Debug|Any CPU.ActiveCfg = Debug|Any CPU
		{4AFF3C90-6FEE-47B0-8A65-163EA2D50399}.Debug|Any CPU.Build.0 = Debug|Any CPU
		{4AFF3C90-6FEE-47B0-8A65-163EA2D50399}.Release|Any CPU.ActiveCfg = Release|Any CPU
		{4AFF3C90-6FEE-47B0-8A65-163EA2D50399}.Release|Any CPU.Build.0 = Release|Any CPU
		{1C521A9C-21BF-48FE-8D17-F685D9BF7F3A}.Debug|Any CPU.ActiveCfg = Debug|Any CPU
		{1C521A9C-21BF-48FE-8D17-F685D9BF7F3A}.Debug|Any CPU.Build.0 = Debug|Any CPU
		{1C521A9C-21BF-48FE-8D17-F685D9BF7F3A}.Release|Any CPU.ActiveCfg = Release|Any CPU
		{1C521A9C-21BF-48FE-8D17-F685D9BF7F3A}.Release|Any CPU.Build.0 = Release|Any CPU
		{5CBFE667-7A46-4F42-86D6-CFA98A697481}.Debug|Any CPU.ActiveCfg = Debug|Any CPU
		{5CBFE667-7A46-4F42-86D6-CFA98A697481}.Debug|Any CPU.Build.0 = Debug|Any CPU
		{5CBFE667-7A46-4F42-86D6-CFA98A697481}.Release|Any CPU.ActiveCfg = Release|Any CPU
		{5CBFE667-7A46-4F42-86D6-CFA98A697481}.Release|Any CPU.Build.0 = Release|Any CPU
		{BCA11C14-FEFA-48C3-B051-63144B058E6F}.Debug|Any CPU.ActiveCfg = Debug|Any CPU
		{BCA11C14-FEFA-48C3-B051-63144B058E6F}.Debug|Any CPU.Build.0 = Debug|Any CPU
		{BCA11C14-FEFA-48C3-B051-63144B058E6F}.Release|Any CPU.ActiveCfg = Release|Any CPU
		{BCA11C14-FEFA-48C3-B051-63144B058E6F}.Release|Any CPU.Build.0 = Release|Any CPU
		{CC64CEBB-633D-4C02-8444-51D23506A544}.Debug|Any CPU.ActiveCfg = Debug|Any CPU
		{CC64CEBB-633D-4C02-8444-51D23506A544}.Debug|Any CPU.Build.0 = Debug|Any CPU
		{CC64CEBB-633D-4C02-8444-51D23506A544}.Release|Any CPU.ActiveCfg = Release|Any CPU
		{CC64CEBB-633D-4C02-8444-51D23506A544}.Release|Any CPU.Build.0 = Release|Any CPU
		{5BBF901F-2BBD-468D-9B20-52D1A1A91FAA}.Debug|Any CPU.ActiveCfg = Debug|Any CPU
		{5BBF901F-2BBD-468D-9B20-52D1A1A91FAA}.Debug|Any CPU.Build.0 = Debug|Any CPU
		{5BBF901F-2BBD-468D-9B20-52D1A1A91FAA}.Release|Any CPU.ActiveCfg = Release|Any CPU
		{5BBF901F-2BBD-468D-9B20-52D1A1A91FAA}.Release|Any CPU.Build.0 = Release|Any CPU
		{0E9F8AFA-3159-47B6-85B6-8E8C4718435C}.Debug|Any CPU.ActiveCfg = Debug|Any CPU
		{0E9F8AFA-3159-47B6-85B6-8E8C4718435C}.Debug|Any CPU.Build.0 = Debug|Any CPU
		{0E9F8AFA-3159-47B6-85B6-8E8C4718435C}.Release|Any CPU.ActiveCfg = Release|Any CPU
		{0E9F8AFA-3159-47B6-85B6-8E8C4718435C}.Release|Any CPU.Build.0 = Release|Any CPU
		{3F7A7AC1-5537-42D4-88AA-4AEF9758BF75}.Debug|Any CPU.ActiveCfg = Debug|Any CPU
		{3F7A7AC1-5537-42D4-88AA-4AEF9758BF75}.Debug|Any CPU.Build.0 = Debug|Any CPU
		{3F7A7AC1-5537-42D4-88AA-4AEF9758BF75}.Release|Any CPU.ActiveCfg = Release|Any CPU
		{3F7A7AC1-5537-42D4-88AA-4AEF9758BF75}.Release|Any CPU.Build.0 = Release|Any CPU
	EndGlobalSection
	GlobalSection(SolutionProperties) = preSolution
		HideSolutionNode = FALSE
	EndGlobalSection
	GlobalSection(NestedProjects) = preSolution
		{915BB158-8311-4869-A2BA-7B515C29307A} = {593C4132-335F-4E6C-9228-65CE8E570326}
		{52CE7383-F4DE-4592-8B59-65EAC459323A} = {915BB158-8311-4869-A2BA-7B515C29307A}
		{1049A99E-DED9-4006-BB98-939D64B6FCCE} = {5C63FDF4-5F9C-4F77-88AD-30135B76156F}
		{9E79DA9A-EB8D-4E86-9178-C80DBBAC1BDA} = {84415E81-2FE5-4FDD-9A34-7B44C0C559E7}
		{BED1D9D8-11C4-4A50-BC55-BD1016F8D083} = {84415E81-2FE5-4FDD-9A34-7B44C0C559E7}
		{2FA53C8A-F59A-4B1A-8DB2-E1A65F9D80C1} = {84415E81-2FE5-4FDD-9A34-7B44C0C559E7}
		{F5BB15A8-3BCC-4AAC-A880-0F7420F940BF} = {84415E81-2FE5-4FDD-9A34-7B44C0C559E7}
		{65AF679F-1A4E-452E-AEC4-B4308CF01390} = {84415E81-2FE5-4FDD-9A34-7B44C0C559E7}
		{9BFCF4FB-18F4-4769-A113-4705BBF09592} = {D2E1DC1C-E96B-4C25-958C-0D5106B4D0D7}
		{4AFF3C90-6FEE-47B0-8A65-163EA2D50399} = {84415E81-2FE5-4FDD-9A34-7B44C0C559E7}
		{1C521A9C-21BF-48FE-8D17-F685D9BF7F3A} = {84415E81-2FE5-4FDD-9A34-7B44C0C559E7}
		{7566147A-B19C-43BA-96CD-CB6FAF082705} = {593C4132-335F-4E6C-9228-65CE8E570326}
		{5CBFE667-7A46-4F42-86D6-CFA98A697481} = {7566147A-B19C-43BA-96CD-CB6FAF082705}
		{BCA11C14-FEFA-48C3-B051-63144B058E6F} = {84415E81-2FE5-4FDD-9A34-7B44C0C559E7}
		{CC64CEBB-633D-4C02-8444-51D23506A544} = {84415E81-2FE5-4FDD-9A34-7B44C0C559E7}
		{5BBF901F-2BBD-468D-9B20-52D1A1A91FAA} = {84415E81-2FE5-4FDD-9A34-7B44C0C559E7}
		{DE24D281-1CE8-4774-9510-E13A430E9258} = {593C4132-335F-4E6C-9228-65CE8E570326}
		{0E9F8AFA-3159-47B6-85B6-8E8C4718435C} = {DE24D281-1CE8-4774-9510-E13A430E9258}
	EndGlobalSection
	GlobalSection(ExtensibilityGlobals) = postSolution
		SolutionGuid = {94654B60-F02C-4743-B229-B5DE63F952FD}
	EndGlobalSection
EndGlobal
